
--------------------------------
Performing test test_1_vanilla (please wait...)


Terraform used the selected providers to generate the following execution
plan. Resource actions are indicated with the following symbols:
  + create

Terraform will perform the following actions:

  # module.dns_records.oci_dns_rrset.no_0[0] will be created
  + resource "oci_dns_rrset" "no_0" {
      + compartment_id  = (known after apply)
      + domain          = "cname1.acme.org"
      + id              = (known after apply)
      + rtype           = "CNAME"
      + zone_name_or_id = "ocid1.dns-zone.oc1..aaaaaaaarh7borfqosuhymrv6pjh2m7nqhj27ctaqgtyctee2zpyc67xo6ta"

      + items {
          + domain        = "cname1.acme.org"
          + is_protected  = (known after apply)
          + rdata         = "target1.acme.corp."
          + record_hash   = (known after apply)
          + rrset_version = (known after apply)
          + rtype         = "CNAME"
          + ttl           = 300
        }
    }

  # module.dns_records.oci_dns_rrset.no_1[0] will be created
  + resource "oci_dns_rrset" "no_1" {
      + compartment_id  = (known after apply)
      + domain          = "conflict-type.acme.org"
      + id              = (known after apply)
      + rtype           = "CNAME"
      + zone_name_or_id = "ocid1.dns-zone.oc1..aaaaaaaarh7borfqosuhymrv6pjh2m7nqhj27ctaqgtyctee2zpyc67xo6ta"

      + items {
          + domain        = "conflict-type.acme.org"
          + is_protected  = (known after apply)
          + rdata         = "alias.acme.org."
          + record_hash   = (known after apply)
          + rrset_version = (known after apply)
          + rtype         = "CNAME"
          + ttl           = 300
        }
    }

  # module.dns_records.oci_dns_rrset.no_10[0] will be created
  + resource "oci_dns_rrset" "no_10" {
      + compartment_id  = (known after apply)
      + domain          = "multi-a.acme.org"
      + id              = (known after apply)
      + rtype           = "A"
      + zone_name_or_id = "ocid1.dns-zone.oc1..aaaaaaaarh7borfqosuhymrv6pjh2m7nqhj27ctaqgtyctee2zpyc67xo6ta"

      + items {
          + domain        = "multi-a.acme.org"
          + is_protected  = (known after apply)
          + rdata         = "192.0.2.1"
          + record_hash   = (known after apply)
          + rrset_version = (known after apply)
          + rtype         = "A"
          + ttl           = 60
        }
      + items {
          + domain        = "multi-a.acme.org"
          + is_protected  = (known after apply)
          + rdata         = "192.0.2.2"
          + record_hash   = (known after apply)
          + rrset_version = (known after apply)
          + rtype         = "A"
          + ttl           = 60
        }
      + items {
          + domain        = "multi-a.acme.org"
          + is_protected  = (known after apply)
          + rdata         = "192.0.2.3"
          + record_hash   = (known after apply)
          + rrset_version = (known after apply)
          + rtype         = "A"
          + ttl           = 60
        }
    }

  # module.dns_records.oci_dns_rrset.no_11[0] will be created
  + resource "oci_dns_rrset" "no_11" {
      + compartment_id  = (known after apply)
      + domain          = "multi-mixed.acme.org"
      + id              = (known after apply)
      + rtype           = "A"
      + zone_name_or_id = "ocid1.dns-zone.oc1..aaaaaaaarh7borfqosuhymrv6pjh2m7nqhj27ctaqgtyctee2zpyc67xo6ta"

      + items {
          + domain        = "multi-mixed.acme.org"
          + is_protected  = (known after apply)
          + rdata         = "192.0.2.10"
          + record_hash   = (known after apply)
          + rrset_version = (known after apply)
          + rtype         = "A"
          + ttl           = 600
        }
      + items {
          + domain        = "multi-mixed.acme.org"
          + is_protected  = (known after apply)
          + rdata         = "192.0.2.11"
          + record_hash   = (known after apply)
          + rrset_version = (known after apply)
          + rtype         = "A"
          + ttl           = 600
        }
    }

  # module.dns_records.oci_dns_rrset.no_12[0] will be created
  + resource "oci_dns_rrset" "no_12" {
      + compartment_id  = (known after apply)
      + domain          = "override-rrset-type.acme.org"
      + id              = (known after apply)
      + rtype           = "CNAME"
      + zone_name_or_id = "ocid1.dns-zone.oc1..aaaaaaaarh7borfqosuhymrv6pjh2m7nqhj27ctaqgtyctee2zpyc67xo6ta"

      + items {
          + domain        = "override-rrset-type.acme.org"
          + is_protected  = (known after apply)
          + rdata         = "mail.target.com."
          + record_hash   = (known after apply)
          + rrset_version = (known after apply)
          + rtype         = "CNAME"
          + ttl           = 3600
        }
    }

  # module.dns_records.oci_dns_rrset.no_13[0] will be created
  + resource "oci_dns_rrset" "no_13" {
      + compartment_id  = (known after apply)
      + domain          = "record-type-only.acme.org"
      + id              = (known after apply)
      + rtype           = "A"
      + zone_name_or_id = "ocid1.dns-zone.oc1..aaaaaaaarh7borfqosuhymrv6pjh2m7nqhj27ctaqgtyctee2zpyc67xo6ta"

      + items {
          + domain        = "record-type-only.acme.org"
          + is_protected  = (known after apply)
          + rdata         = "203.0.113.3"
          + record_hash   = (known after apply)
          + rrset_version = (known after apply)
          + rtype         = "A"
          + ttl           = 300
        }
    }

  # module.dns_records.oci_dns_rrset.no_14[0] will be created
  + resource "oci_dns_rrset" "no_14" {
      + compartment_id  = (known after apply)
      + domain          = "redundant-type.acme.org"
      + id              = (known after apply)
      + rtype           = "A"
      + zone_name_or_id = "ocid1.dns-zone.oc1..aaaaaaaarh7borfqosuhymrv6pjh2m7nqhj27ctaqgtyctee2zpyc67xo6ta"

      + items {
          + domain        = "redundant-type.acme.org"
          + is_protected  = (known after apply)
          + rdata         = "203.0.113.7"
          + record_hash   = (known after apply)
          + rrset_version = (known after apply)
          + rtype         = "A"
          + ttl           = 300
        }
    }

  # module.dns_records.oci_dns_rrset.no_15[0] will be created
  + resource "oci_dns_rrset" "no_15" {
      + compartment_id  = (known after apply)
      + domain          = "srv1.acme.org"
      + id              = (known after apply)
      + rtype           = "SRV"
      + zone_name_or_id = "ocid1.dns-zone.oc1..aaaaaaaarh7borfqosuhymrv6pjh2m7nqhj27ctaqgtyctee2zpyc67xo6ta"

      + items {
          + domain        = "srv1.acme.org"
          + is_protected  = (known after apply)
          + rdata         = "10 20 80 server1.acme.org."
          + record_hash   = (known after apply)
          + rrset_version = (known after apply)
          + rtype         = "SRV"
          + ttl           = 400
        }
      + items {
          + domain        = "srv1.acme.org"
          + is_protected  = (known after apply)
          + rdata         = "20 10 443 server2.acme.org."
          + record_hash   = (known after apply)
          + rrset_version = (known after apply)
          + rtype         = "SRV"
          + ttl           = 400
        }
    }

  # module.dns_records.oci_dns_rrset.no_16[0] will be created
  + resource "oci_dns_rrset" "no_16" {
      + compartment_id  = (known after apply)
      + domain          = "txt1.acme.org"
      + id              = (known after apply)
      + rtype           = "TXT"
      + zone_name_or_id = "ocid1.dns-zone.oc1..aaaaaaaarh7borfqosuhymrv6pjh2m7nqhj27ctaqgtyctee2zpyc67xo6ta"

      + items {
          + domain        = "txt1.acme.org"
          + is_protected  = (known after apply)
          + rdata         = "\"some text with spaces and !@#$%^&*()_+\""
          + record_hash   = (known after apply)
          + rrset_version = (known after apply)
          + rtype         = "TXT"
          + ttl           = 600
        }
      + items {
          + domain        = "txt1.acme.org"
          + is_protected  = (known after apply)
          + rdata         = "\"v=spf1 include:acme.org ~all\""
          + record_hash   = (known after apply)
          + rrset_version = (known after apply)
          + rtype         = "TXT"
          + ttl           = 600
        }
    }

  # module.dns_records.oci_dns_rrset.no_17[0] will be created
  + resource "oci_dns_rrset" "no_17" {
      + compartment_id  = (known after apply)
      + domain          = "txt2.acme.org"
      + id              = (known after apply)
      + rtype           = "TXT"
      + zone_name_or_id = "ocid1.dns-zone.oc1..aaaaaaaarh7borfqosuhymrv6pjh2m7nqhj27ctaqgtyctee2zpyc67xo6ta"

      + items {
          + domain        = "txt2.acme.org"
          + is_protected  = (known after apply)
          + rdata         = "\"example text value\""
          + record_hash   = (known after apply)
          + rrset_version = (known after apply)
          + rtype         = "TXT"
          + ttl           = 7200
        }
    }

  # module.dns_records.oci_dns_rrset.no_2[0] will be created
  + resource "oci_dns_rrset" "no_2" {
      + compartment_id  = (known after apply)
      + domain          = "default-type.acme.org"
      + id              = (known after apply)
      + rtype           = "A"
      + zone_name_or_id = "ocid1.dns-zone.oc1..aaaaaaaarh7borfqosuhymrv6pjh2m7nqhj27ctaqgtyctee2zpyc67xo6ta"

      + items {
          + domain        = "default-type.acme.org"
          + is_protected  = (known after apply)
          + rdata         = "203.0.113.2"
          + record_hash   = (known after apply)
          + rrset_version = (known after apply)
          + rtype         = "A"
          + ttl           = 300
        }
    }

  # module.dns_records.oci_dns_rrset.no_3[0] will be created
  + resource "oci_dns_rrset" "no_3" {
      + compartment_id  = (known after apply)
      + domain          = "empty.acme.org"
      + id              = (known after apply)
      + rtype           = "A"
      + zone_name_or_id = "ocid1.dns-zone.oc1..aaaaaaaarh7borfqosuhymrv6pjh2m7nqhj27ctaqgtyctee2zpyc67xo6ta"
    }

  # module.dns_records.oci_dns_rrset.no_4[0] will be created
  + resource "oci_dns_rrset" "no_4" {
      + compartment_id  = (known after apply)
      + domain          = "ipv6.acme.org"
      + id              = (known after apply)
      + rtype           = "AAAA"
      + zone_name_or_id = "ocid1.dns-zone.oc1..aaaaaaaarh7borfqosuhymrv6pjh2m7nqhj27ctaqgtyctee2zpyc67xo6ta"

      + items {
          + domain        = "ipv6.acme.org"
          + is_protected  = (known after apply)
          + rdata         = "2001:db8::1"
          + record_hash   = (known after apply)
          + rrset_version = (known after apply)
          + rtype         = "AAAA"
          + ttl           = 300
        }
    }

  # module.dns_records.oci_dns_rrset.no_5[0] will be created
  + resource "oci_dns_rrset" "no_5" {
      + compartment_id  = (known after apply)
      + domain          = "mail1.acme.org"
      + id              = (known after apply)
      + rtype           = "MX"
      + zone_name_or_id = "ocid1.dns-zone.oc1..aaaaaaaarh7borfqosuhymrv6pjh2m7nqhj27ctaqgtyctee2zpyc67xo6ta"

      + items {
          + domain        = "mail1.acme.org"
          + is_protected  = (known after apply)
          + rdata         = "10 mail1.acme.org."
          + record_hash   = (known after apply)
          + rrset_version = (known after apply)
          + rtype         = "MX"
          + ttl           = 300
        }
      + items {
          + domain        = "mail1.acme.org"
          + is_protected  = (known after apply)
          + rdata         = "20 mail2.acme.org."
          + record_hash   = (known after apply)
          + rrset_version = (known after apply)
          + rtype         = "MX"
          + ttl           = 300
        }
    }

  # module.dns_records.oci_dns_rrset.no_6[0] will be created
  + resource "oci_dns_rrset" "no_6" {
      + compartment_id  = (known after apply)
      + domain          = "max-ttl.acme.org"
      + id              = (known after apply)
      + rtype           = "A"
      + zone_name_or_id = "ocid1.dns-zone.oc1..aaaaaaaarh7borfqosuhymrv6pjh2m7nqhj27ctaqgtyctee2zpyc67xo6ta"

      + items {
          + domain        = "max-ttl.acme.org"
          + is_protected  = (known after apply)
          + rdata         = "198.51.100.2"
          + record_hash   = (known after apply)
          + rrset_version = (known after apply)
          + rtype         = "A"
          + ttl           = 604800
        }
    }

  # module.dns_records.oci_dns_rrset.no_7[0] will be created
  + resource "oci_dns_rrset" "no_7" {
      + compartment_id  = (known after apply)
      + domain          = "min-ttl.acme.org"
      + id              = (known after apply)
      + rtype           = "A"
      + zone_name_or_id = "ocid1.dns-zone.oc1..aaaaaaaarh7borfqosuhymrv6pjh2m7nqhj27ctaqgtyctee2zpyc67xo6ta"

      + items {
          + domain        = "min-ttl.acme.org"
          + is_protected  = (known after apply)
          + rdata         = "198.51.100.1"
          + record_hash   = (known after apply)
          + rrset_version = (known after apply)
          + rtype         = "A"
          + ttl           = 1
        }
    }

  # module.dns_records.oci_dns_rrset.no_8[0] will be created
  + resource "oci_dns_rrset" "no_8" {
      + compartment_id  = (known after apply)
      + domain          = "minimal.acme.org"
      + id              = (known after apply)
      + rtype           = "A"
      + zone_name_or_id = "ocid1.dns-zone.oc1..aaaaaaaarh7borfqosuhymrv6pjh2m7nqhj27ctaqgtyctee2zpyc67xo6ta"

      + items {
          + domain        = "minimal.acme.org"
          + is_protected  = (known after apply)
          + rdata         = "203.0.113.1"
          + record_hash   = (known after apply)
          + rrset_version = (known after apply)
          + rtype         = "A"
          + ttl           = 300
        }
    }

  # module.dns_records.oci_dns_rrset.no_9[0] will be created
  + resource "oci_dns_rrset" "no_9" {
      + compartment_id  = (known after apply)
      + domain          = "mixed-fields.acme.org"
      + id              = (known after apply)
      + rtype           = "A"
      + zone_name_or_id = "ocid1.dns-zone.oc1..aaaaaaaarh7borfqosuhymrv6pjh2m7nqhj27ctaqgtyctee2zpyc67xo6ta"

      + items {
          + domain        = "mixed-fields.acme.org"
          + is_protected  = (known after apply)
          + rdata         = "203.0.113.4"
          + record_hash   = (known after apply)
          + rrset_version = (known after apply)
          + rtype         = "A"
          + ttl           = 123
        }
      + items {
          + domain        = "mixed-fields.acme.org"
          + is_protected  = (known after apply)
          + rdata         = "203.0.113.5"
          + record_hash   = (known after apply)
          + rrset_version = (known after apply)
          + rtype         = "A"
          + ttl           = 123
        }
      + items {
          + domain        = "mixed-fields.acme.org"
          + is_protected  = (known after apply)
          + rdata         = "203.0.113.6"
          + record_hash   = (known after apply)
          + rrset_version = (known after apply)
          + rtype         = "A"
          + ttl           = 123
        }
    }

Plan: 18 to add, 0 to change, 0 to destroy.

Changes to Outputs:
  + dns_record_details = {
      + "cname1.acme.org"              = (known after apply)
      + "conflict-type.acme.org"       = (known after apply)
      + "default-type.acme.org"        = (known after apply)
      + "empty.acme.org"               = (known after apply)
      + "ipv6.acme.org"                = (known after apply)
      + "mail1.acme.org"               = (known after apply)
      + "max-ttl.acme.org"             = (known after apply)
      + "min-ttl.acme.org"             = (known after apply)
      + "minimal.acme.org"             = (known after apply)
      + "mixed-fields.acme.org"        = (known after apply)
      + "multi-a.acme.org"             = (known after apply)
      + "multi-mixed.acme.org"         = (known after apply)
      + "override-rrset-type.acme.org" = (known after apply)
      + "record-type-only.acme.org"    = (known after apply)
      + "redundant-type.acme.org"      = (known after apply)
      + "srv1.acme.org"                = (known after apply)
      + "txt1.acme.org"                = (known after apply)
      + "txt2.acme.org"                = (known after apply)
    }
  + domains            = [
      + "0: cname1.acme.org",
      + "1: conflict-type.acme.org",
      + "2: default-type.acme.org",
      + "3: empty.acme.org",
      + "4: ipv6.acme.org",
      + "5: mail1.acme.org",
      + "6: max-ttl.acme.org",
      + "7: min-ttl.acme.org",
      + "8: minimal.acme.org",
      + "9: mixed-fields.acme.org",
      + "10: multi-a.acme.org",
      + "11: multi-mixed.acme.org",
      + "12: override-rrset-type.acme.org",
      + "13: record-type-only.acme.org",
      + "14: redundant-type.acme.org",
      + "15: srv1.acme.org",
      + "16: txt1.acme.org",
      + "17: txt2.acme.org",
    ]
module.dns_records.oci_dns_rrset.no_13[0]: Creating...
module.dns_records.oci_dns_rrset.no_17[0]: Creating...
module.dns_records.oci_dns_rrset.no_0[0]: Creating...
module.dns_records.oci_dns_rrset.no_3[0]: Creating...
module.dns_records.oci_dns_rrset.no_12[0]: Creating...
module.dns_records.oci_dns_rrset.no_8[0]: Creating...
module.dns_records.oci_dns_rrset.no_16[0]: Creating...
module.dns_records.oci_dns_rrset.no_11[0]: Creating...
module.dns_records.oci_dns_rrset.no_15[0]: Creating...
module.dns_records.oci_dns_rrset.no_6[0]: Creating...
module.dns_records.oci_dns_rrset.no_14[0]: Creating...
module.dns_records.oci_dns_rrset.no_7[0]: Creating...
module.dns_records.oci_dns_rrset.no_4[0]: Creating...
module.dns_records.oci_dns_rrset.no_1[0]: Creating...
module.dns_records.oci_dns_rrset.no_9[0]: Creating...
module.dns_records.oci_dns_rrset.no_5[0]: Creating...
module.dns_records.oci_dns_rrset.no_2[0]: Creating...
module.dns_records.oci_dns_rrset.no_10[0]: Creating...
module.dns_records.oci_dns_rrset.no_14[0]: Creation complete after 0s [id=zoneNameOrId/ocid1.dns-zone.oc1..aaaaaaaarh7borfqosuhymrv6pjh2m7nqhj27ctaqgtyctee2zpyc67xo6ta/domain/redundant-type.acme.org/rtype/A]
module.dns_records.oci_dns_rrset.no_9[0]: Creation complete after 0s [id=zoneNameOrId/ocid1.dns-zone.oc1..aaaaaaaarh7borfqosuhymrv6pjh2m7nqhj27ctaqgtyctee2zpyc67xo6ta/domain/mixed-fields.acme.org/rtype/A]
module.dns_records.oci_dns_rrset.no_10[0]: Creation complete after 0s [id=zoneNameOrId/ocid1.dns-zone.oc1..aaaaaaaarh7borfqosuhymrv6pjh2m7nqhj27ctaqgtyctee2zpyc67xo6ta/domain/multi-a.acme.org/rtype/A]
module.dns_records.oci_dns_rrset.no_16[0]: Still creating... [10s elapsed]
module.dns_records.oci_dns_rrset.no_13[0]: Still creating... [10s elapsed]
module.dns_records.oci_dns_rrset.no_4[0]: Still creating... [10s elapsed]
module.dns_records.oci_dns_rrset.no_6[0]: Still creating... [10s elapsed]
module.dns_records.oci_dns_rrset.no_12[0]: Still creating... [10s elapsed]
module.dns_records.oci_dns_rrset.no_8[0]: Still creating... [10s elapsed]
module.dns_records.oci_dns_rrset.no_0[0]: Still creating... [10s elapsed]
module.dns_records.oci_dns_rrset.no_11[0]: Still creating... [10s elapsed]
module.dns_records.oci_dns_rrset.no_3[0]: Still creating... [10s elapsed]
module.dns_records.oci_dns_rrset.no_1[0]: Still creating... [10s elapsed]
module.dns_records.oci_dns_rrset.no_17[0]: Still creating... [10s elapsed]
module.dns_records.oci_dns_rrset.no_2[0]: Still creating... [10s elapsed]
module.dns_records.oci_dns_rrset.no_5[0]: Still creating... [10s elapsed]

Error: circuit breaker is open, so this request was not sent to the Dns service.

 The circuit breaker was opened because the Dns service failed too many times recently. Because the circuit breaker has been opened, requests within a 30.00 second window of when the circuit breaker opened will not be sent to the Dns service.

URL which circuit breaker prevented request to - dns.eu-zurich-1.oci.oraclecloud.com/20180115/zones/ocid1.dns-zone.oc1..aaaaaaaarh7borfqosuhymrv6pjh2m7nqhj27ctaqgtyctee2zpyc67xo6ta/records/cname1.acme.org/CNAME 
 Circuit Breaker Info 
 Name - DefaultCircuitBreaker 
 State - open 

 Errors from Dns service which opened the circuit breaker:

Opc-Req-id - 08728cd1278b4d652b8ee9666226e39a/80175211B026A3FE47B12D695A52487B/22A47DB8FF7F50713272A7E2AE974439
ErrorCode - 409 - IncorrectState
ErrorMessage - Unable to save record changes as the zone was modified by another operation, please retry

Opc-Req-id - 912be0aec79970f744d257d641d456b9/BD48DEF4E29B991647B12D695A52482E/157B1FAE44F380AA9D384494FC105F39
ErrorCode - 409 - IncorrectState
ErrorMessage - Unable to save record changes as the zone was modified by another operation, please retry

Opc-Req-id - 6a94d050d2ec0626e2c117b0a30d32f1/D8C252A076DC5E7D47B12D695A52481B/BD8B2DF2DF9777210E766B6303DC7875
ErrorCode - 409 - IncorrectState
ErrorMessage - Unable to save record changes as the zone was modified by another operation, please retry

Opc-Req-id - 2c0bb495cf2afa036316f545e5132fdb/EACABB0FC4238A7E47B12D695A524843/BB7DF0CDE29B156094FD75C0A9B2A676
ErrorCode - 409 - IncorrectState
ErrorMessage - Unable to save record changes as the zone was modified by another operation, please retry

Opc-Req-id - 411743cb5c9f83f22dec1a8136cfde78/3363981AECF7299047B12D695A524814/853B52A252931DECD8F03083C8CB1638
ErrorCode - 409 - IncorrectState
ErrorMessage - Unable to save record changes as the zone was modified by another operation, please retry



  with module.dns_records.oci_dns_rrset.no_0[0],
  on .module/main.tf line 13, in resource "oci_dns_rrset" "no_0":
  13: resource "oci_dns_rrset" "no_0" {


Error: circuit breaker is open, so this request was not sent to the Dns service.

 The circuit breaker was opened because the Dns service failed too many times recently. Because the circuit breaker has been opened, requests within a 30.00 second window of when the circuit breaker opened will not be sent to the Dns service.

URL which circuit breaker prevented request to - dns.eu-zurich-1.oci.oraclecloud.com/20180115/zones/ocid1.dns-zone.oc1..aaaaaaaarh7borfqosuhymrv6pjh2m7nqhj27ctaqgtyctee2zpyc67xo6ta/records/conflict-type.acme.org/CNAME 
 Circuit Breaker Info 
 Name - DefaultCircuitBreaker 
 State - open 

 Errors from Dns service which opened the circuit breaker:

Opc-Req-id - 08728cd1278b4d652b8ee9666226e39a/80175211B026A3FE47B12D695A52487B/22A47DB8FF7F50713272A7E2AE974439
ErrorCode - 409 - IncorrectState
ErrorMessage - Unable to save record changes as the zone was modified by another operation, please retry

Opc-Req-id - 912be0aec79970f744d257d641d456b9/BD48DEF4E29B991647B12D695A52482E/157B1FAE44F380AA9D384494FC105F39
ErrorCode - 409 - IncorrectState
ErrorMessage - Unable to save record changes as the zone was modified by another operation, please retry

Opc-Req-id - 6a94d050d2ec0626e2c117b0a30d32f1/D8C252A076DC5E7D47B12D695A52481B/BD8B2DF2DF9777210E766B6303DC7875
ErrorCode - 409 - IncorrectState
ErrorMessage - Unable to save record changes as the zone was modified by another operation, please retry

Opc-Req-id - 2c0bb495cf2afa036316f545e5132fdb/EACABB0FC4238A7E47B12D695A524843/BB7DF0CDE29B156094FD75C0A9B2A676
ErrorCode - 409 - IncorrectState
ErrorMessage - Unable to save record changes as the zone was modified by another operation, please retry

Opc-Req-id - 411743cb5c9f83f22dec1a8136cfde78/3363981AECF7299047B12D695A524814/853B52A252931DECD8F03083C8CB1638
ErrorCode - 409 - IncorrectState
ErrorMessage - Unable to save record changes as the zone was modified by another operation, please retry



  with module.dns_records.oci_dns_rrset.no_1[0],
  on .module/main.tf line 31, in resource "oci_dns_rrset" "no_1":
  31: resource "oci_dns_rrset" "no_1" {


Error: circuit breaker is open, so this request was not sent to the Dns service.

 The circuit breaker was opened because the Dns service failed too many times recently. Because the circuit breaker has been opened, requests within a 30.00 second window of when the circuit breaker opened will not be sent to the Dns service.

URL which circuit breaker prevented request to - dns.eu-zurich-1.oci.oraclecloud.com/20180115/zones/ocid1.dns-zone.oc1..aaaaaaaarh7borfqosuhymrv6pjh2m7nqhj27ctaqgtyctee2zpyc67xo6ta/records/default-type.acme.org/A 
 Circuit Breaker Info 
 Name - DefaultCircuitBreaker 
 State - open 

 Errors from Dns service which opened the circuit breaker:

Opc-Req-id - 08728cd1278b4d652b8ee9666226e39a/80175211B026A3FE47B12D695A52487B/22A47DB8FF7F50713272A7E2AE974439
ErrorCode - 409 - IncorrectState
ErrorMessage - Unable to save record changes as the zone was modified by another operation, please retry

Opc-Req-id - 912be0aec79970f744d257d641d456b9/BD48DEF4E29B991647B12D695A52482E/157B1FAE44F380AA9D384494FC105F39
ErrorCode - 409 - IncorrectState
ErrorMessage - Unable to save record changes as the zone was modified by another operation, please retry

Opc-Req-id - 6a94d050d2ec0626e2c117b0a30d32f1/D8C252A076DC5E7D47B12D695A52481B/BD8B2DF2DF9777210E766B6303DC7875
ErrorCode - 409 - IncorrectState
ErrorMessage - Unable to save record changes as the zone was modified by another operation, please retry

Opc-Req-id - 2c0bb495cf2afa036316f545e5132fdb/EACABB0FC4238A7E47B12D695A524843/BB7DF0CDE29B156094FD75C0A9B2A676
ErrorCode - 409 - IncorrectState
ErrorMessage - Unable to save record changes as the zone was modified by another operation, please retry

Opc-Req-id - 411743cb5c9f83f22dec1a8136cfde78/3363981AECF7299047B12D695A524814/853B52A252931DECD8F03083C8CB1638
ErrorCode - 409 - IncorrectState
ErrorMessage - Unable to save record changes as the zone was modified by another operation, please retry



  with module.dns_records.oci_dns_rrset.no_2[0],
  on .module/main.tf line 51, in resource "oci_dns_rrset" "no_2":
  51: resource "oci_dns_rrset" "no_2" {


Error: circuit breaker is open, so this request was not sent to the Dns service.

 The circuit breaker was opened because the Dns service failed too many times recently. Because the circuit breaker has been opened, requests within a 30.00 second window of when the circuit breaker opened will not be sent to the Dns service.

URL which circuit breaker prevented request to - dns.eu-zurich-1.oci.oraclecloud.com/20180115/zones/ocid1.dns-zone.oc1..aaaaaaaarh7borfqosuhymrv6pjh2m7nqhj27ctaqgtyctee2zpyc67xo6ta/records/empty.acme.org/A 
 Circuit Breaker Info 
 Name - DefaultCircuitBreaker 
 State - open 

 Errors from Dns service which opened the circuit breaker:

Opc-Req-id - 08728cd1278b4d652b8ee9666226e39a/80175211B026A3FE47B12D695A52487B/22A47DB8FF7F50713272A7E2AE974439
ErrorCode - 409 - IncorrectState
ErrorMessage - Unable to save record changes as the zone was modified by another operation, please retry

Opc-Req-id - 912be0aec79970f744d257d641d456b9/BD48DEF4E29B991647B12D695A52482E/157B1FAE44F380AA9D384494FC105F39
ErrorCode - 409 - IncorrectState
ErrorMessage - Unable to save record changes as the zone was modified by another operation, please retry

Opc-Req-id - 6a94d050d2ec0626e2c117b0a30d32f1/D8C252A076DC5E7D47B12D695A52481B/BD8B2DF2DF9777210E766B6303DC7875
ErrorCode - 409 - IncorrectState
ErrorMessage - Unable to save record changes as the zone was modified by another operation, please retry

Opc-Req-id - 2c0bb495cf2afa036316f545e5132fdb/EACABB0FC4238A7E47B12D695A524843/BB7DF0CDE29B156094FD75C0A9B2A676
ErrorCode - 409 - IncorrectState
ErrorMessage - Unable to save record changes as the zone was modified by another operation, please retry

Opc-Req-id - 411743cb5c9f83f22dec1a8136cfde78/3363981AECF7299047B12D695A524814/853B52A252931DECD8F03083C8CB1638
ErrorCode - 409 - IncorrectState
ErrorMessage - Unable to save record changes as the zone was modified by another operation, please retry



  with module.dns_records.oci_dns_rrset.no_3[0],
  on .module/main.tf line 71, in resource "oci_dns_rrset" "no_3":
  71: resource "oci_dns_rrset" "no_3" {


Error: circuit breaker is open, so this request was not sent to the Dns service.

 The circuit breaker was opened because the Dns service failed too many times recently. Because the circuit breaker has been opened, requests within a 30.00 second window of when the circuit breaker opened will not be sent to the Dns service.

URL which circuit breaker prevented request to - dns.eu-zurich-1.oci.oraclecloud.com/20180115/zones/ocid1.dns-zone.oc1..aaaaaaaarh7borfqosuhymrv6pjh2m7nqhj27ctaqgtyctee2zpyc67xo6ta/records/ipv6.acme.org/AAAA 
 Circuit Breaker Info 
 Name - DefaultCircuitBreaker 
 State - open 

 Errors from Dns service which opened the circuit breaker:

Opc-Req-id - 08728cd1278b4d652b8ee9666226e39a/80175211B026A3FE47B12D695A52487B/22A47DB8FF7F50713272A7E2AE974439
ErrorCode - 409 - IncorrectState
ErrorMessage - Unable to save record changes as the zone was modified by another operation, please retry

Opc-Req-id - 912be0aec79970f744d257d641d456b9/BD48DEF4E29B991647B12D695A52482E/157B1FAE44F380AA9D384494FC105F39
ErrorCode - 409 - IncorrectState
ErrorMessage - Unable to save record changes as the zone was modified by another operation, please retry

Opc-Req-id - 6a94d050d2ec0626e2c117b0a30d32f1/D8C252A076DC5E7D47B12D695A52481B/BD8B2DF2DF9777210E766B6303DC7875
ErrorCode - 409 - IncorrectState
ErrorMessage - Unable to save record changes as the zone was modified by another operation, please retry

Opc-Req-id - 2c0bb495cf2afa036316f545e5132fdb/EACABB0FC4238A7E47B12D695A524843/BB7DF0CDE29B156094FD75C0A9B2A676
ErrorCode - 409 - IncorrectState
ErrorMessage - Unable to save record changes as the zone was modified by another operation, please retry

Opc-Req-id - 411743cb5c9f83f22dec1a8136cfde78/3363981AECF7299047B12D695A524814/853B52A252931DECD8F03083C8CB1638
ErrorCode - 409 - IncorrectState
ErrorMessage - Unable to save record changes as the zone was modified by another operation, please retry



  with module.dns_records.oci_dns_rrset.no_4[0],
  on .module/main.tf line 91, in resource "oci_dns_rrset" "no_4":
  91: resource "oci_dns_rrset" "no_4" {


Error: circuit breaker is open, so this request was not sent to the Dns service.

 The circuit breaker was opened because the Dns service failed too many times recently. Because the circuit breaker has been opened, requests within a 30.00 second window of when the circuit breaker opened will not be sent to the Dns service.

URL which circuit breaker prevented request to - dns.eu-zurich-1.oci.oraclecloud.com/20180115/zones/ocid1.dns-zone.oc1..aaaaaaaarh7borfqosuhymrv6pjh2m7nqhj27ctaqgtyctee2zpyc67xo6ta/records/mail1.acme.org/MX 
 Circuit Breaker Info 
 Name - DefaultCircuitBreaker 
 State - open 

 Errors from Dns service which opened the circuit breaker:

Opc-Req-id - 08728cd1278b4d652b8ee9666226e39a/80175211B026A3FE47B12D695A52487B/22A47DB8FF7F50713272A7E2AE974439
ErrorCode - 409 - IncorrectState
ErrorMessage - Unable to save record changes as the zone was modified by another operation, please retry

Opc-Req-id - 912be0aec79970f744d257d641d456b9/BD48DEF4E29B991647B12D695A52482E/157B1FAE44F380AA9D384494FC105F39
ErrorCode - 409 - IncorrectState
ErrorMessage - Unable to save record changes as the zone was modified by another operation, please retry

Opc-Req-id - 6a94d050d2ec0626e2c117b0a30d32f1/D8C252A076DC5E7D47B12D695A52481B/BD8B2DF2DF9777210E766B6303DC7875
ErrorCode - 409 - IncorrectState
ErrorMessage - Unable to save record changes as the zone was modified by another operation, please retry

Opc-Req-id - 2c0bb495cf2afa036316f545e5132fdb/EACABB0FC4238A7E47B12D695A524843/BB7DF0CDE29B156094FD75C0A9B2A676
ErrorCode - 409 - IncorrectState
ErrorMessage - Unable to save record changes as the zone was modified by another operation, please retry

Opc-Req-id - 411743cb5c9f83f22dec1a8136cfde78/3363981AECF7299047B12D695A524814/853B52A252931DECD8F03083C8CB1638
ErrorCode - 409 - IncorrectState
ErrorMessage - Unable to save record changes as the zone was modified by another operation, please retry



  with module.dns_records.oci_dns_rrset.no_5[0],
  on .module/main.tf line 111, in resource "oci_dns_rrset" "no_5":
 111: resource "oci_dns_rrset" "no_5" {


Error: circuit breaker is open, so this request was not sent to the Dns service.

 The circuit breaker was opened because the Dns service failed too many times recently. Because the circuit breaker has been opened, requests within a 30.00 second window of when the circuit breaker opened will not be sent to the Dns service.

URL which circuit breaker prevented request to - dns.eu-zurich-1.oci.oraclecloud.com/20180115/zones/ocid1.dns-zone.oc1..aaaaaaaarh7borfqosuhymrv6pjh2m7nqhj27ctaqgtyctee2zpyc67xo6ta/records/max-ttl.acme.org/A 
 Circuit Breaker Info 
 Name - DefaultCircuitBreaker 
 State - open 

 Errors from Dns service which opened the circuit breaker:

Opc-Req-id - 08728cd1278b4d652b8ee9666226e39a/80175211B026A3FE47B12D695A52487B/22A47DB8FF7F50713272A7E2AE974439
ErrorCode - 409 - IncorrectState
ErrorMessage - Unable to save record changes as the zone was modified by another operation, please retry

Opc-Req-id - 912be0aec79970f744d257d641d456b9/BD48DEF4E29B991647B12D695A52482E/157B1FAE44F380AA9D384494FC105F39
ErrorCode - 409 - IncorrectState
ErrorMessage - Unable to save record changes as the zone was modified by another operation, please retry

Opc-Req-id - 6a94d050d2ec0626e2c117b0a30d32f1/D8C252A076DC5E7D47B12D695A52481B/BD8B2DF2DF9777210E766B6303DC7875
ErrorCode - 409 - IncorrectState
ErrorMessage - Unable to save record changes as the zone was modified by another operation, please retry

Opc-Req-id - 2c0bb495cf2afa036316f545e5132fdb/EACABB0FC4238A7E47B12D695A524843/BB7DF0CDE29B156094FD75C0A9B2A676
ErrorCode - 409 - IncorrectState
ErrorMessage - Unable to save record changes as the zone was modified by another operation, please retry

Opc-Req-id - 411743cb5c9f83f22dec1a8136cfde78/3363981AECF7299047B12D695A524814/853B52A252931DECD8F03083C8CB1638
ErrorCode - 409 - IncorrectState
ErrorMessage - Unable to save record changes as the zone was modified by another operation, please retry



  with module.dns_records.oci_dns_rrset.no_6[0],
  on .module/main.tf line 131, in resource "oci_dns_rrset" "no_6":
 131: resource "oci_dns_rrset" "no_6" {


Error: circuit breaker is open, so this request was not sent to the Dns service.

 The circuit breaker was opened because the Dns service failed too many times recently. Because the circuit breaker has been opened, requests within a 30.00 second window of when the circuit breaker opened will not be sent to the Dns service.

URL which circuit breaker prevented request to - dns.eu-zurich-1.oci.oraclecloud.com/20180115/zones/ocid1.dns-zone.oc1..aaaaaaaarh7borfqosuhymrv6pjh2m7nqhj27ctaqgtyctee2zpyc67xo6ta/records/min-ttl.acme.org/A 
 Circuit Breaker Info 
 Name - DefaultCircuitBreaker 
 State - open 

 Errors from Dns service which opened the circuit breaker:

Opc-Req-id - 08728cd1278b4d652b8ee9666226e39a/80175211B026A3FE47B12D695A52487B/22A47DB8FF7F50713272A7E2AE974439
ErrorCode - 409 - IncorrectState
ErrorMessage - Unable to save record changes as the zone was modified by another operation, please retry

Opc-Req-id - 912be0aec79970f744d257d641d456b9/BD48DEF4E29B991647B12D695A52482E/157B1FAE44F380AA9D384494FC105F39
ErrorCode - 409 - IncorrectState
ErrorMessage - Unable to save record changes as the zone was modified by another operation, please retry

Opc-Req-id - 6a94d050d2ec0626e2c117b0a30d32f1/D8C252A076DC5E7D47B12D695A52481B/BD8B2DF2DF9777210E766B6303DC7875
ErrorCode - 409 - IncorrectState
ErrorMessage - Unable to save record changes as the zone was modified by another operation, please retry

Opc-Req-id - 2c0bb495cf2afa036316f545e5132fdb/EACABB0FC4238A7E47B12D695A524843/BB7DF0CDE29B156094FD75C0A9B2A676
ErrorCode - 409 - IncorrectState
ErrorMessage - Unable to save record changes as the zone was modified by another operation, please retry

Opc-Req-id - 411743cb5c9f83f22dec1a8136cfde78/3363981AECF7299047B12D695A524814/853B52A252931DECD8F03083C8CB1638
ErrorCode - 409 - IncorrectState
ErrorMessage - Unable to save record changes as the zone was modified by another operation, please retry



  with module.dns_records.oci_dns_rrset.no_7[0],
  on .module/main.tf line 151, in resource "oci_dns_rrset" "no_7":
 151: resource "oci_dns_rrset" "no_7" {


Error: circuit breaker is open, so this request was not sent to the Dns service.

 The circuit breaker was opened because the Dns service failed too many times recently. Because the circuit breaker has been opened, requests within a 30.00 second window of when the circuit breaker opened will not be sent to the Dns service.

URL which circuit breaker prevented request to - dns.eu-zurich-1.oci.oraclecloud.com/20180115/zones/ocid1.dns-zone.oc1..aaaaaaaarh7borfqosuhymrv6pjh2m7nqhj27ctaqgtyctee2zpyc67xo6ta/records/minimal.acme.org/A 
 Circuit Breaker Info 
 Name - DefaultCircuitBreaker 
 State - open 

 Errors from Dns service which opened the circuit breaker:

Opc-Req-id - 08728cd1278b4d652b8ee9666226e39a/80175211B026A3FE47B12D695A52487B/22A47DB8FF7F50713272A7E2AE974439
ErrorCode - 409 - IncorrectState
ErrorMessage - Unable to save record changes as the zone was modified by another operation, please retry

Opc-Req-id - 912be0aec79970f744d257d641d456b9/BD48DEF4E29B991647B12D695A52482E/157B1FAE44F380AA9D384494FC105F39
ErrorCode - 409 - IncorrectState
ErrorMessage - Unable to save record changes as the zone was modified by another operation, please retry

Opc-Req-id - 6a94d050d2ec0626e2c117b0a30d32f1/D8C252A076DC5E7D47B12D695A52481B/BD8B2DF2DF9777210E766B6303DC7875
ErrorCode - 409 - IncorrectState
ErrorMessage - Unable to save record changes as the zone was modified by another operation, please retry

Opc-Req-id - 2c0bb495cf2afa036316f545e5132fdb/EACABB0FC4238A7E47B12D695A524843/BB7DF0CDE29B156094FD75C0A9B2A676
ErrorCode - 409 - IncorrectState
ErrorMessage - Unable to save record changes as the zone was modified by another operation, please retry

Opc-Req-id - 411743cb5c9f83f22dec1a8136cfde78/3363981AECF7299047B12D695A524814/853B52A252931DECD8F03083C8CB1638
ErrorCode - 409 - IncorrectState
ErrorMessage - Unable to save record changes as the zone was modified by another operation, please retry



  with module.dns_records.oci_dns_rrset.no_8[0],
  on .module/main.tf line 171, in resource "oci_dns_rrset" "no_8":
 171: resource "oci_dns_rrset" "no_8" {


Error: circuit breaker is open, so this request was not sent to the Dns service.

 The circuit breaker was opened because the Dns service failed too many times recently. Because the circuit breaker has been opened, requests within a 30.00 second window of when the circuit breaker opened will not be sent to the Dns service.

URL which circuit breaker prevented request to - dns.eu-zurich-1.oci.oraclecloud.com/20180115/zones/ocid1.dns-zone.oc1..aaaaaaaarh7borfqosuhymrv6pjh2m7nqhj27ctaqgtyctee2zpyc67xo6ta/records/multi-mixed.acme.org/A 
 Circuit Breaker Info 
 Name - DefaultCircuitBreaker 
 State - open 

 Errors from Dns service which opened the circuit breaker:

Opc-Req-id - 08728cd1278b4d652b8ee9666226e39a/80175211B026A3FE47B12D695A52487B/22A47DB8FF7F50713272A7E2AE974439
ErrorCode - 409 - IncorrectState
ErrorMessage - Unable to save record changes as the zone was modified by another operation, please retry

Opc-Req-id - 912be0aec79970f744d257d641d456b9/BD48DEF4E29B991647B12D695A52482E/157B1FAE44F380AA9D384494FC105F39
ErrorCode - 409 - IncorrectState
ErrorMessage - Unable to save record changes as the zone was modified by another operation, please retry

Opc-Req-id - 6a94d050d2ec0626e2c117b0a30d32f1/D8C252A076DC5E7D47B12D695A52481B/BD8B2DF2DF9777210E766B6303DC7875
ErrorCode - 409 - IncorrectState
ErrorMessage - Unable to save record changes as the zone was modified by another operation, please retry

Opc-Req-id - 2c0bb495cf2afa036316f545e5132fdb/EACABB0FC4238A7E47B12D695A524843/BB7DF0CDE29B156094FD75C0A9B2A676
ErrorCode - 409 - IncorrectState
ErrorMessage - Unable to save record changes as the zone was modified by another operation, please retry

Opc-Req-id - 411743cb5c9f83f22dec1a8136cfde78/3363981AECF7299047B12D695A524814/853B52A252931DECD8F03083C8CB1638
ErrorCode - 409 - IncorrectState
ErrorMessage - Unable to save record changes as the zone was modified by another operation, please retry



  with module.dns_records.oci_dns_rrset.no_11[0],
  on .module/main.tf line 231, in resource "oci_dns_rrset" "no_11":
 231: resource "oci_dns_rrset" "no_11" {


Error: circuit breaker is open, so this request was not sent to the Dns service.

 The circuit breaker was opened because the Dns service failed too many times recently. Because the circuit breaker has been opened, requests within a 30.00 second window of when the circuit breaker opened will not be sent to the Dns service.

URL which circuit breaker prevented request to - dns.eu-zurich-1.oci.oraclecloud.com/20180115/zones/ocid1.dns-zone.oc1..aaaaaaaarh7borfqosuhymrv6pjh2m7nqhj27ctaqgtyctee2zpyc67xo6ta/records/override-rrset-type.acme.org/CNAME 
 Circuit Breaker Info 
 Name - DefaultCircuitBreaker 
 State - open 

 Errors from Dns service which opened the circuit breaker:

Opc-Req-id - 08728cd1278b4d652b8ee9666226e39a/80175211B026A3FE47B12D695A52487B/22A47DB8FF7F50713272A7E2AE974439
ErrorCode - 409 - IncorrectState
ErrorMessage - Unable to save record changes as the zone was modified by another operation, please retry

Opc-Req-id - 912be0aec79970f744d257d641d456b9/BD48DEF4E29B991647B12D695A52482E/157B1FAE44F380AA9D384494FC105F39
ErrorCode - 409 - IncorrectState
ErrorMessage - Unable to save record changes as the zone was modified by another operation, please retry

Opc-Req-id - 6a94d050d2ec0626e2c117b0a30d32f1/D8C252A076DC5E7D47B12D695A52481B/BD8B2DF2DF9777210E766B6303DC7875
ErrorCode - 409 - IncorrectState
ErrorMessage - Unable to save record changes as the zone was modified by another operation, please retry

Opc-Req-id - 2c0bb495cf2afa036316f545e5132fdb/EACABB0FC4238A7E47B12D695A524843/BB7DF0CDE29B156094FD75C0A9B2A676
ErrorCode - 409 - IncorrectState
ErrorMessage - Unable to save record changes as the zone was modified by another operation, please retry

Opc-Req-id - 411743cb5c9f83f22dec1a8136cfde78/3363981AECF7299047B12D695A524814/853B52A252931DECD8F03083C8CB1638
ErrorCode - 409 - IncorrectState
ErrorMessage - Unable to save record changes as the zone was modified by another operation, please retry



  with module.dns_records.oci_dns_rrset.no_12[0],
  on .module/main.tf line 251, in resource "oci_dns_rrset" "no_12":
 251: resource "oci_dns_rrset" "no_12" {


Error: circuit breaker is open, so this request was not sent to the Dns service.

 The circuit breaker was opened because the Dns service failed too many times recently. Because the circuit breaker has been opened, requests within a 30.00 second window of when the circuit breaker opened will not be sent to the Dns service.

URL which circuit breaker prevented request to - dns.eu-zurich-1.oci.oraclecloud.com/20180115/zones/ocid1.dns-zone.oc1..aaaaaaaarh7borfqosuhymrv6pjh2m7nqhj27ctaqgtyctee2zpyc67xo6ta/records/record-type-only.acme.org/A 
 Circuit Breaker Info 
 Name - DefaultCircuitBreaker 
 State - open 

 Errors from Dns service which opened the circuit breaker:

Opc-Req-id - 08728cd1278b4d652b8ee9666226e39a/80175211B026A3FE47B12D695A52487B/22A47DB8FF7F50713272A7E2AE974439
ErrorCode - 409 - IncorrectState
ErrorMessage - Unable to save record changes as the zone was modified by another operation, please retry

Opc-Req-id - 912be0aec79970f744d257d641d456b9/BD48DEF4E29B991647B12D695A52482E/157B1FAE44F380AA9D384494FC105F39
ErrorCode - 409 - IncorrectState
ErrorMessage - Unable to save record changes as the zone was modified by another operation, please retry

Opc-Req-id - 6a94d050d2ec0626e2c117b0a30d32f1/D8C252A076DC5E7D47B12D695A52481B/BD8B2DF2DF9777210E766B6303DC7875
ErrorCode - 409 - IncorrectState
ErrorMessage - Unable to save record changes as the zone was modified by another operation, please retry

Opc-Req-id - 2c0bb495cf2afa036316f545e5132fdb/EACABB0FC4238A7E47B12D695A524843/BB7DF0CDE29B156094FD75C0A9B2A676
ErrorCode - 409 - IncorrectState
ErrorMessage - Unable to save record changes as the zone was modified by another operation, please retry

Opc-Req-id - 411743cb5c9f83f22dec1a8136cfde78/3363981AECF7299047B12D695A524814/853B52A252931DECD8F03083C8CB1638
ErrorCode - 409 - IncorrectState
ErrorMessage - Unable to save record changes as the zone was modified by another operation, please retry



  with module.dns_records.oci_dns_rrset.no_13[0],
  on .module/main.tf line 271, in resource "oci_dns_rrset" "no_13":
 271: resource "oci_dns_rrset" "no_13" {


Error: circuit breaker is open, so this request was not sent to the Dns service.

 The circuit breaker was opened because the Dns service failed too many times recently. Because the circuit breaker has been opened, requests within a 30.00 second window of when the circuit breaker opened will not be sent to the Dns service.

URL which circuit breaker prevented request to - dns.eu-zurich-1.oci.oraclecloud.com/20180115/zones/ocid1.dns-zone.oc1..aaaaaaaarh7borfqosuhymrv6pjh2m7nqhj27ctaqgtyctee2zpyc67xo6ta/records/srv1.acme.org/SRV 
 Circuit Breaker Info 
 Name - DefaultCircuitBreaker 
 State - open 

 Errors from Dns service which opened the circuit breaker:

Opc-Req-id - 08728cd1278b4d652b8ee9666226e39a/80175211B026A3FE47B12D695A52487B/22A47DB8FF7F50713272A7E2AE974439
ErrorCode - 409 - IncorrectState
ErrorMessage - Unable to save record changes as the zone was modified by another operation, please retry

Opc-Req-id - 912be0aec79970f744d257d641d456b9/BD48DEF4E29B991647B12D695A52482E/157B1FAE44F380AA9D384494FC105F39
ErrorCode - 409 - IncorrectState
ErrorMessage - Unable to save record changes as the zone was modified by another operation, please retry

Opc-Req-id - 6a94d050d2ec0626e2c117b0a30d32f1/D8C252A076DC5E7D47B12D695A52481B/BD8B2DF2DF9777210E766B6303DC7875
ErrorCode - 409 - IncorrectState
ErrorMessage - Unable to save record changes as the zone was modified by another operation, please retry

Opc-Req-id - 2c0bb495cf2afa036316f545e5132fdb/EACABB0FC4238A7E47B12D695A524843/BB7DF0CDE29B156094FD75C0A9B2A676
ErrorCode - 409 - IncorrectState
ErrorMessage - Unable to save record changes as the zone was modified by another operation, please retry

Opc-Req-id - 411743cb5c9f83f22dec1a8136cfde78/3363981AECF7299047B12D695A524814/853B52A252931DECD8F03083C8CB1638
ErrorCode - 409 - IncorrectState
ErrorMessage - Unable to save record changes as the zone was modified by another operation, please retry



  with module.dns_records.oci_dns_rrset.no_15[0],
  on .module/main.tf line 311, in resource "oci_dns_rrset" "no_15":
 311: resource "oci_dns_rrset" "no_15" {


Error: circuit breaker is open, so this request was not sent to the Dns service.

 The circuit breaker was opened because the Dns service failed too many times recently. Because the circuit breaker has been opened, requests within a 30.00 second window of when the circuit breaker opened will not be sent to the Dns service.

URL which circuit breaker prevented request to - dns.eu-zurich-1.oci.oraclecloud.com/20180115/zones/ocid1.dns-zone.oc1..aaaaaaaarh7borfqosuhymrv6pjh2m7nqhj27ctaqgtyctee2zpyc67xo6ta/records/txt1.acme.org/TXT 
 Circuit Breaker Info 
 Name - DefaultCircuitBreaker 
 State - open 

 Errors from Dns service which opened the circuit breaker:

Opc-Req-id - 08728cd1278b4d652b8ee9666226e39a/80175211B026A3FE47B12D695A52487B/22A47DB8FF7F50713272A7E2AE974439
ErrorCode - 409 - IncorrectState
ErrorMessage - Unable to save record changes as the zone was modified by another operation, please retry

Opc-Req-id - 912be0aec79970f744d257d641d456b9/BD48DEF4E29B991647B12D695A52482E/157B1FAE44F380AA9D384494FC105F39
ErrorCode - 409 - IncorrectState
ErrorMessage - Unable to save record changes as the zone was modified by another operation, please retry

Opc-Req-id - 6a94d050d2ec0626e2c117b0a30d32f1/D8C252A076DC5E7D47B12D695A52481B/BD8B2DF2DF9777210E766B6303DC7875
ErrorCode - 409 - IncorrectState
ErrorMessage - Unable to save record changes as the zone was modified by another operation, please retry

Opc-Req-id - 2c0bb495cf2afa036316f545e5132fdb/EACABB0FC4238A7E47B12D695A524843/BB7DF0CDE29B156094FD75C0A9B2A676
ErrorCode - 409 - IncorrectState
ErrorMessage - Unable to save record changes as the zone was modified by another operation, please retry

Opc-Req-id - 411743cb5c9f83f22dec1a8136cfde78/3363981AECF7299047B12D695A524814/853B52A252931DECD8F03083C8CB1638
ErrorCode - 409 - IncorrectState
ErrorMessage - Unable to save record changes as the zone was modified by another operation, please retry



  with module.dns_records.oci_dns_rrset.no_16[0],
  on .module/main.tf line 331, in resource "oci_dns_rrset" "no_16":
 331: resource "oci_dns_rrset" "no_16" {


Error: circuit breaker is open, so this request was not sent to the Dns service.

 The circuit breaker was opened because the Dns service failed too many times recently. Because the circuit breaker has been opened, requests within a 30.00 second window of when the circuit breaker opened will not be sent to the Dns service.

URL which circuit breaker prevented request to - dns.eu-zurich-1.oci.oraclecloud.com/20180115/zones/ocid1.dns-zone.oc1..aaaaaaaarh7borfqosuhymrv6pjh2m7nqhj27ctaqgtyctee2zpyc67xo6ta/records/txt2.acme.org/TXT 
 Circuit Breaker Info 
 Name - DefaultCircuitBreaker 
 State - open 

 Errors from Dns service which opened the circuit breaker:

Opc-Req-id - 08728cd1278b4d652b8ee9666226e39a/80175211B026A3FE47B12D695A52487B/22A47DB8FF7F50713272A7E2AE974439
ErrorCode - 409 - IncorrectState
ErrorMessage - Unable to save record changes as the zone was modified by another operation, please retry

Opc-Req-id - 912be0aec79970f744d257d641d456b9/BD48DEF4E29B991647B12D695A52482E/157B1FAE44F380AA9D384494FC105F39
ErrorCode - 409 - IncorrectState
ErrorMessage - Unable to save record changes as the zone was modified by another operation, please retry

Opc-Req-id - 6a94d050d2ec0626e2c117b0a30d32f1/D8C252A076DC5E7D47B12D695A52481B/BD8B2DF2DF9777210E766B6303DC7875
ErrorCode - 409 - IncorrectState
ErrorMessage - Unable to save record changes as the zone was modified by another operation, please retry

Opc-Req-id - 2c0bb495cf2afa036316f545e5132fdb/EACABB0FC4238A7E47B12D695A524843/BB7DF0CDE29B156094FD75C0A9B2A676
ErrorCode - 409 - IncorrectState
ErrorMessage - Unable to save record changes as the zone was modified by another operation, please retry

Opc-Req-id - 411743cb5c9f83f22dec1a8136cfde78/3363981AECF7299047B12D695A524814/853B52A252931DECD8F03083C8CB1638
ErrorCode - 409 - IncorrectState
ErrorMessage - Unable to save record changes as the zone was modified by another operation, please retry



  with module.dns_records.oci_dns_rrset.no_17[0],
  on .module/main.tf line 351, in resource "oci_dns_rrset" "no_17":
 351: resource "oci_dns_rrset" "no_17" {


--------------------------------
Test status for test_name=test_1_vanilla

operation=apply
parallelism=20
test_type=regular
log file=logs/2025-12-01_16-16-18/test_test_1_vanilla.log
status=1 FAILED ❌
--------------------------------

